
Microsoft Visual Studio Solution File, Format Version 12.00
# Visual Studio Version 16
VisualStudioVersion = 16.0.30621.155
MinimumVisualStudioVersion = 10.0.40219.1
Project("{2150E333-8FDC-42A3-9474-1A3956D46DE8}") = "src", "src", "{1C5A6A86-8B13-4718-BC88-C414B731BAC9}"
EndProject
Project("{2150E333-8FDC-42A3-9474-1A3956D46DE8}") = "tests", "tests", "{08105199-AF34-4BDA-BBB0-047FBE46A513}"
EndProject
Project("{2150E333-8FDC-42A3-9474-1A3956D46DE8}") = "tools", "tools", "{862FEF26-154C-4316-93B3-9D21C71C1C76}"
EndProject
Project("{9A19103F-16F7-4668-BE54-9A1E7A4F7556}") = "Mahzan.DBHelper", "tools\Mahzan.DBHelper\Mahzan.DBHelper.csproj", "{B8F4393A-B42F-4C80-B828-2E64633505A3}"
EndProject
Project("{9A19103F-16F7-4668-BE54-9A1E7A4F7556}") = "Mahzan.Migrations", "src\Mahzan.Migrations\Mahzan.Migrations.csproj", "{42C627AA-6D2E-4423-9ABD-1214222AEF53}"
EndProject
Project("{2150E333-8FDC-42A3-9474-1A3956D46DE8}") = "Solution Items", "Solution Items", "{AAD7AD87-2B99-4F1F-B9A7-F0C8E6CC8FAF}"
	ProjectSection(SolutionItems) = preProject
		docker-compose.override.example.yml = docker-compose.override.example.yml
		docker-compose.yml = docker-compose.yml
		src\Mahzan.API\Dockerfile = src\Mahzan.API\Dockerfile
	EndProjectSection
EndProject
Project("{9A19103F-16F7-4668-BE54-9A1E7A4F7556}") = "Mahzan.API", "src\Mahzan.API\Mahzan.API.csproj", "{B5C7EF53-AE12-44F0-9545-D31430C01946}"
EndProject
Project("{FAE04EC0-301F-11D3-BF4B-00C04F79EFBC}") = "Mahzan.Business", "src\Mahzan.Business\Mahzan.Business.csproj", "{70B18562-23C3-44CB-BC0F-E49723F6E064}"
EndProject
Global
	GlobalSection(SolutionConfigurationPlatforms) = preSolution
		Debug|Any CPU = Debug|Any CPU
		Release|Any CPU = Release|Any CPU
	EndGlobalSection
	GlobalSection(ProjectConfigurationPlatforms) = postSolution
		{B8F4393A-B42F-4C80-B828-2E64633505A3}.Debug|Any CPU.ActiveCfg = Debug|Any CPU
		{B8F4393A-B42F-4C80-B828-2E64633505A3}.Debug|Any CPU.Build.0 = Debug|Any CPU
		{B8F4393A-B42F-4C80-B828-2E64633505A3}.Release|Any CPU.ActiveCfg = Release|Any CPU
		{B8F4393A-B42F-4C80-B828-2E64633505A3}.Release|Any CPU.Build.0 = Release|Any CPU
		{42C627AA-6D2E-4423-9ABD-1214222AEF53}.Debug|Any CPU.ActiveCfg = Debug|Any CPU
		{42C627AA-6D2E-4423-9ABD-1214222AEF53}.Debug|Any CPU.Build.0 = Debug|Any CPU
		{42C627AA-6D2E-4423-9ABD-1214222AEF53}.Release|Any CPU.ActiveCfg = Release|Any CPU
		{42C627AA-6D2E-4423-9ABD-1214222AEF53}.Release|Any CPU.Build.0 = Release|Any CPU
		{B5C7EF53-AE12-44F0-9545-D31430C01946}.Debug|Any CPU.ActiveCfg = Debug|Any CPU
		{B5C7EF53-AE12-44F0-9545-D31430C01946}.Debug|Any CPU.Build.0 = Debug|Any CPU
		{B5C7EF53-AE12-44F0-9545-D31430C01946}.Release|Any CPU.ActiveCfg = Release|Any CPU
		{B5C7EF53-AE12-44F0-9545-D31430C01946}.Release|Any CPU.Build.0 = Release|Any CPU
		{70B18562-23C3-44CB-BC0F-E49723F6E064}.Debug|Any CPU.ActiveCfg = Debug|Any CPU
		{70B18562-23C3-44CB-BC0F-E49723F6E064}.Debug|Any CPU.Build.0 = Debug|Any CPU
		{70B18562-23C3-44CB-BC0F-E49723F6E064}.Release|Any CPU.ActiveCfg = Release|Any CPU
		{70B18562-23C3-44CB-BC0F-E49723F6E064}.Release|Any CPU.Build.0 = Release|Any CPU
	EndGlobalSection
	GlobalSection(SolutionProperties) = preSolution
		HideSolutionNode = FALSE
	EndGlobalSection
	GlobalSection(NestedProjects) = preSolution
		{B8F4393A-B42F-4C80-B828-2E64633505A3} = {862FEF26-154C-4316-93B3-9D21C71C1C76}
		{42C627AA-6D2E-4423-9ABD-1214222AEF53} = {1C5A6A86-8B13-4718-BC88-C414B731BAC9}
		{B5C7EF53-AE12-44F0-9545-D31430C01946} = {1C5A6A86-8B13-4718-BC88-C414B731BAC9}
		{70B18562-23C3-44CB-BC0F-E49723F6E064} = {1C5A6A86-8B13-4718-BC88-C414B731BAC9}
	EndGlobalSection
	GlobalSection(ExtensibilityGlobals) = postSolution
		SolutionGuid = {65EEBC4E-9838-4C4B-BE02-4A90AE4DA8CF}
	EndGlobalSection
EndGlobal
